
Microsoft Visual Studio Solution File, Format Version 12.00
# Visual Studio Version 16
VisualStudioVersion = 16.0.30907.101
MinimumVisualStudioVersion = 10.0.40219.1
Project("{FAE04EC0-301F-11D3-BF4B-00C04F79EFBC}") = "2d-graphic", "2d-graphic.csproj", "{99C072BE-9BA0-4A78-B8AC-91E8BCFADD3A}"
EndProject
Global
	GlobalSection(SolutionConfigurationPlatforms) = preSolution
		Debug|Any CPU = Debug|Any CPU
		Release|Any CPU = Release|Any CPU
	EndGlobalSection
	GlobalSection(ProjectConfigurationPlatforms) = postSolution
		{99C072BE-9BA0-4A78-B8AC-91E8BCFADD3A}.Debug|Any CPU.ActiveCfg = Debug|Any CPU
		{99C072BE-9BA0-4A78-B8AC-91E8BCFADD3A}.Debug|Any CPU.Build.0 = Debug|Any CPU
		{99C072BE-9BA0-4A78-B8AC-91E8BCFADD3A}.Release|Any CPU.ActiveCfg = Release|Any CPU
		{99C072BE-9BA0-4A78-B8AC-91E8BCFADD3A}.Release|Any CPU.Build.0 = Release|Any CPU
	EndGlobalSection
	GlobalSection(SolutionProperties) = preSolution
		HideSolutionNode = FALSE
	EndGlobalSection
	GlobalSection(ExtensibilityGlobals) = postSolution
		SolutionGuid = {1257AE11-B2FA-47D3-90AC-55F2642387F0}
	EndGlobalSection
EndGlobal
